{
  "name": "client",
  "version": "1.0.0",
  "lockfileVersion": 3,
  "requires": true,
  "packages": {
    "": {
      "name": "client",
      "version": "1.0.0",
      "license": "ISC",
      "dependencies": {
        "systemjs": "^0.20.12"
      }
    },
    "node_modules/systemjs": {
      "version": "0.20.12",
      "resolved": "https://registry.npmjs.org/systemjs/-/systemjs-0.20.12.tgz",
      "integrity": "sha512-SclbFvIsqoWawkoOTyyRfs+1dZw7Q+uMp3IRHSoU0GrCSzm0k9FqJBtNOeV8hZbFtn1q/+W7BgGZHAEOvaqGpA=="
    }
  }
}
